// !$*UTF8*$!
{
	archiveVersion = 1;
	classes = {
	};
	objectVersion = 51;
	objects = {

/* Begin PBXBuildFile section */
		3B4DD3A8261C72CC0022812F /* APIServis.swift in Sources */ = {isa = PBXBuildFile; fileRef = 3B4DD3A7261C72CC0022812F /* APIServis.swift */; };
		3B4DD3AD261C89450022812F /* DIContainer.swift in Sources */ = {isa = PBXBuildFile; fileRef = 3B4DD3AC261C89450022812F /* DIContainer.swift */; };
		3B61812E261C3FB000E79DE2 /* GoogleService-Info.plist in Resources */ = {isa = PBXBuildFile; fileRef = 3B61812D261C3FB000E79DE2 /* GoogleService-Info.plist */; };
		3B6456D5261AFE450004B721 /* AppDelegate.swift in Sources */ = {isa = PBXBuildFile; fileRef = 3B6456D4261AFE450004B721 /* AppDelegate.swift */; };
		3B6456DE261AFE460004B721 /* Assets.xcassets in Resources */ = {isa = PBXBuildFile; fileRef = 3B6456DD261AFE460004B721 /* Assets.xcassets */; };
		3B6456E1261AFE460004B721 /* LaunchScreen.storyboard in Resources */ = {isa = PBXBuildFile; fileRef = 3B6456DF261AFE460004B721 /* LaunchScreen.storyboard */; };
		3B6456ED261AFF4B0004B721 /* MainViewController.swift in Sources */ = {isa = PBXBuildFile; fileRef = 3B6456EC261AFF4B0004B721 /* MainViewController.swift */; };
		3B6456F0261B00240004B721 /* MainPresenter.swift in Sources */ = {isa = PBXBuildFile; fileRef = 3B6456EF261B00240004B721 /* MainPresenter.swift */; };
		3B6456F3261B005B0004B721 /* MainInteractor.swift in Sources */ = {isa = PBXBuildFile; fileRef = 3B6456F2261B005B0004B721 /* MainInteractor.swift */; };
		3B6456F6261B008B0004B721 /* MainWireframe.swift in Sources */ = {isa = PBXBuildFile; fileRef = 3B6456F5261B008A0004B721 /* MainWireframe.swift */; };
		3B6456F9261B00CA0004B721 /* MainModuleInterfaces.swift in Sources */ = {isa = PBXBuildFile; fileRef = 3B6456F8261B00CA0004B721 /* MainModuleInterfaces.swift */; };
		3B6456FD261B06F70004B721 /* MainRouter.swift in Sources */ = {isa = PBXBuildFile; fileRef = 3B6456FC261B06F70004B721 /* MainRouter.swift */; };
		3B645701261B412F0004B721 /* ContentMainView.swift in Sources */ = {isa = PBXBuildFile; fileRef = 3B645700261B412F0004B721 /* ContentMainView.swift */; };
		3B645704261B48020004B721 /* AboutCollectionCell.swift in Sources */ = {isa = PBXBuildFile; fileRef = 3B645703261B48020004B721 /* AboutCollectionCell.swift */; };
		3B8DABA4261DD295001EB336 /* AboutViewController.swift in Sources */ = {isa = PBXBuildFile; fileRef = 3B8DABA3261DD295001EB336 /* AboutViewController.swift */; };
		3B8DABA7261DD2C2001EB336 /* AboutPresenter.swift in Sources */ = {isa = PBXBuildFile; fileRef = 3B8DABA6261DD2C2001EB336 /* AboutPresenter.swift */; };
		3B8DABAA261DD2F6001EB336 /* AboutInteractor.swift in Sources */ = {isa = PBXBuildFile; fileRef = 3B8DABA9261DD2F6001EB336 /* AboutInteractor.swift */; };
		3B8DABAD261DD31D001EB336 /* AboutRouter.swift in Sources */ = {isa = PBXBuildFile; fileRef = 3B8DABAC261DD31D001EB336 /* AboutRouter.swift */; };
		3B8DABB0261DD341001EB336 /* AboutModuleInterface.swift in Sources */ = {isa = PBXBuildFile; fileRef = 3B8DABAF261DD341001EB336 /* AboutModuleInterface.swift */; };
		3B8DABB3261DD36D001EB336 /* AboutWireframe.swift in Sources */ = {isa = PBXBuildFile; fileRef = 3B8DABB2261DD36D001EB336 /* AboutWireframe.swift */; };
		749E0F14DDE753D043A4E468 /* Pods_TouchIt.framework in Frameworks */ = {isa = PBXBuildFile; fileRef = E88B7A14A013238A49EA77EC /* Pods_TouchIt.framework */; };
		CE347AA2261E2CF500D87EA9 /* ServicesModuleInterface.swift in Sources */ = {isa = PBXBuildFile; fileRef = CE347AA1261E2CF500D87EA9 /* ServicesModuleInterface.swift */; };
		CE347AA5261E2D0E00D87EA9 /* ServicesViewController.swift in Sources */ = {isa = PBXBuildFile; fileRef = CE347AA4261E2D0E00D87EA9 /* ServicesViewController.swift */; };
		CE347AA8261E2D3A00D87EA9 /* ServicesPresenter.swift in Sources */ = {isa = PBXBuildFile; fileRef = CE347AA7261E2D3A00D87EA9 /* ServicesPresenter.swift */; };
		CE347AAB261E2D5800D87EA9 /* ServicesInteractor.swift in Sources */ = {isa = PBXBuildFile; fileRef = CE347AAA261E2D5800D87EA9 /* ServicesInteractor.swift */; };
		CE347AAE261E2D6C00D87EA9 /* ServicesRouter.swift in Sources */ = {isa = PBXBuildFile; fileRef = CE347AAD261E2D6C00D87EA9 /* ServicesRouter.swift */; };
		CE347AB1261E2D9E00D87EA9 /* ServicesWireframe.swift in Sources */ = {isa = PBXBuildFile; fileRef = CE347AB0261E2D9E00D87EA9 /* ServicesWireframe.swift */; };
		CE347AB5261E2FF400D87EA9 /* ProjectsModuleInterface.swift in Sources */ = {isa = PBXBuildFile; fileRef = CE347AB4261E2FF400D87EA9 /* ProjectsModuleInterface.swift */; };
		CE347AB8261E300A00D87EA9 /* ProjectsViewController.swift in Sources */ = {isa = PBXBuildFile; fileRef = CE347AB7261E300A00D87EA9 /* ProjectsViewController.swift */; };
		CE347ABB261E302200D87EA9 /* ProjectsPresenter.swift in Sources */ = {isa = PBXBuildFile; fileRef = CE347ABA261E302200D87EA9 /* ProjectsPresenter.swift */; };
		CE347ABE261E303B00D87EA9 /* ProjectsInteractor.swift in Sources */ = {isa = PBXBuildFile; fileRef = CE347ABD261E303B00D87EA9 /* ProjectsInteractor.swift */; };
		CE347AC1261E304F00D87EA9 /* ProjectsRouter.swift in Sources */ = {isa = PBXBuildFile; fileRef = CE347AC0261E304F00D87EA9 /* ProjectsRouter.swift */; };
		CE347AC4261E306400D87EA9 /* ProjectsWireframe.swift in Sources */ = {isa = PBXBuildFile; fileRef = CE347AC3261E306400D87EA9 /* ProjectsWireframe.swift */; };
		CE347AC8261E31AE00D87EA9 /* ContactsModuleInterface.swift in Sources */ = {isa = PBXBuildFile; fileRef = CE347AC7261E31AE00D87EA9 /* ContactsModuleInterface.swift */; };
		CE347ACB261E31C300D87EA9 /* ContactsViewController.swift in Sources */ = {isa = PBXBuildFile; fileRef = CE347ACA261E31C300D87EA9 /* ContactsViewController.swift */; };
		CE347ACE261E31DF00D87EA9 /* ContactsPresenter.swift in Sources */ = {isa = PBXBuildFile; fileRef = CE347ACD261E31DF00D87EA9 /* ContactsPresenter.swift */; };
		CE347AD1261E31FD00D87EA9 /* ContactsInteractor.swift in Sources */ = {isa = PBXBuildFile; fileRef = CE347AD0261E31FD00D87EA9 /* ContactsInteractor.swift */; };
		CE347AD4261E320F00D87EA9 /* ContactsRouter.swift in Sources */ = {isa = PBXBuildFile; fileRef = CE347AD3261E320F00D87EA9 /* ContactsRouter.swift */; };
		CE347AD7261E322A00D87EA9 /* ContactsWireframe.swift in Sources */ = {isa = PBXBuildFile; fileRef = CE347AD6261E322A00D87EA9 /* ContactsWireframe.swift */; };
/* End PBXBuildFile section */

/* Begin PBXFileReference section */
		239694A8277FA60FC7A220F8 /* Pods-TouchIt.release.xcconfig */ = {isa = PBXFileReference; includeInIndex = 1; lastKnownFileType = text.xcconfig; name = "Pods-TouchIt.release.xcconfig"; path = "Target Support Files/Pods-TouchIt/Pods-TouchIt.release.xcconfig"; sourceTree = "<group>"; };
		3B4DD3A7261C72CC0022812F /* APIServis.swift */ = {isa = PBXFileReference; lastKnownFileType = sourcecode.swift; path = APIServis.swift; sourceTree = "<group>"; };
		3B4DD3AC261C89450022812F /* DIContainer.swift */ = {isa = PBXFileReference; lastKnownFileType = sourcecode.swift; path = DIContainer.swift; sourceTree = "<group>"; };
		3B61812D261C3FB000E79DE2 /* GoogleService-Info.plist */ = {isa = PBXFileReference; fileEncoding = 4; lastKnownFileType = text.plist.xml; path = "GoogleService-Info.plist"; sourceTree = "<group>"; };
		3B6456D1261AFE450004B721 /* TouchIt.app */ = {isa = PBXFileReference; explicitFileType = wrapper.application; includeInIndex = 0; path = TouchIt.app; sourceTree = BUILT_PRODUCTS_DIR; };
		3B6456D4261AFE450004B721 /* AppDelegate.swift */ = {isa = PBXFileReference; lastKnownFileType = sourcecode.swift; path = AppDelegate.swift; sourceTree = "<group>"; };
		3B6456DD261AFE460004B721 /* Assets.xcassets */ = {isa = PBXFileReference; lastKnownFileType = folder.assetcatalog; path = Assets.xcassets; sourceTree = "<group>"; };
		3B6456E0261AFE460004B721 /* Base */ = {isa = PBXFileReference; lastKnownFileType = file.storyboard; name = Base; path = Base.lproj/LaunchScreen.storyboard; sourceTree = "<group>"; };
		3B6456E2261AFE460004B721 /* Info.plist */ = {isa = PBXFileReference; lastKnownFileType = text.plist.xml; path = Info.plist; sourceTree = "<group>"; };
		3B6456EC261AFF4B0004B721 /* MainViewController.swift */ = {isa = PBXFileReference; lastKnownFileType = sourcecode.swift; path = MainViewController.swift; sourceTree = "<group>"; };
		3B6456EF261B00240004B721 /* MainPresenter.swift */ = {isa = PBXFileReference; lastKnownFileType = sourcecode.swift; path = MainPresenter.swift; sourceTree = "<group>"; };
		3B6456F2261B005B0004B721 /* MainInteractor.swift */ = {isa = PBXFileReference; lastKnownFileType = sourcecode.swift; path = MainInteractor.swift; sourceTree = "<group>"; };
		3B6456F5261B008A0004B721 /* MainWireframe.swift */ = {isa = PBXFileReference; lastKnownFileType = sourcecode.swift; path = MainWireframe.swift; sourceTree = "<group>"; };
		3B6456F8261B00CA0004B721 /* MainModuleInterfaces.swift */ = {isa = PBXFileReference; lastKnownFileType = sourcecode.swift; path = MainModuleInterfaces.swift; sourceTree = "<group>"; };
		3B6456FC261B06F70004B721 /* MainRouter.swift */ = {isa = PBXFileReference; lastKnownFileType = sourcecode.swift; path = MainRouter.swift; sourceTree = "<group>"; };
		3B645700261B412F0004B721 /* ContentMainView.swift */ = {isa = PBXFileReference; lastKnownFileType = sourcecode.swift; path = ContentMainView.swift; sourceTree = "<group>"; };
		3B645703261B48020004B721 /* AboutCollectionCell.swift */ = {isa = PBXFileReference; lastKnownFileType = sourcecode.swift; path = AboutCollectionCell.swift; sourceTree = "<group>"; };
		3B8DABA3261DD295001EB336 /* AboutViewController.swift */ = {isa = PBXFileReference; lastKnownFileType = sourcecode.swift; path = AboutViewController.swift; sourceTree = "<group>"; };
		3B8DABA6261DD2C2001EB336 /* AboutPresenter.swift */ = {isa = PBXFileReference; lastKnownFileType = sourcecode.swift; path = AboutPresenter.swift; sourceTree = "<group>"; };
		3B8DABA9261DD2F6001EB336 /* AboutInteractor.swift */ = {isa = PBXFileReference; lastKnownFileType = sourcecode.swift; path = AboutInteractor.swift; sourceTree = "<group>"; };
		3B8DABAC261DD31D001EB336 /* AboutRouter.swift */ = {isa = PBXFileReference; lastKnownFileType = sourcecode.swift; path = AboutRouter.swift; sourceTree = "<group>"; };
		3B8DABAF261DD341001EB336 /* AboutModuleInterface.swift */ = {isa = PBXFileReference; lastKnownFileType = sourcecode.swift; path = AboutModuleInterface.swift; sourceTree = "<group>"; };
		3B8DABB2261DD36D001EB336 /* AboutWireframe.swift */ = {isa = PBXFileReference; lastKnownFileType = sourcecode.swift; path = AboutWireframe.swift; sourceTree = "<group>"; };
		4ABC969DAF47DCF9F2FF4A53 /* Pods-TouchIt.debug.xcconfig */ = {isa = PBXFileReference; includeInIndex = 1; lastKnownFileType = text.xcconfig; name = "Pods-TouchIt.debug.xcconfig"; path = "Target Support Files/Pods-TouchIt/Pods-TouchIt.debug.xcconfig"; sourceTree = "<group>"; };
		CE347AA1261E2CF500D87EA9 /* ServicesModuleInterface.swift */ = {isa = PBXFileReference; lastKnownFileType = sourcecode.swift; path = ServicesModuleInterface.swift; sourceTree = "<group>"; };
		CE347AA4261E2D0E00D87EA9 /* ServicesViewController.swift */ = {isa = PBXFileReference; lastKnownFileType = sourcecode.swift; path = ServicesViewController.swift; sourceTree = "<group>"; };
		CE347AA7261E2D3A00D87EA9 /* ServicesPresenter.swift */ = {isa = PBXFileReference; lastKnownFileType = sourcecode.swift; path = ServicesPresenter.swift; sourceTree = "<group>"; };
		CE347AAA261E2D5800D87EA9 /* ServicesInteractor.swift */ = {isa = PBXFileReference; lastKnownFileType = sourcecode.swift; path = ServicesInteractor.swift; sourceTree = "<group>"; };
		CE347AAD261E2D6C00D87EA9 /* ServicesRouter.swift */ = {isa = PBXFileReference; lastKnownFileType = sourcecode.swift; path = ServicesRouter.swift; sourceTree = "<group>"; };
		CE347AB0261E2D9E00D87EA9 /* ServicesWireframe.swift */ = {isa = PBXFileReference; lastKnownFileType = sourcecode.swift; path = ServicesWireframe.swift; sourceTree = "<group>"; };
		CE347AB4261E2FF400D87EA9 /* ProjectsModuleInterface.swift */ = {isa = PBXFileReference; lastKnownFileType = sourcecode.swift; path = ProjectsModuleInterface.swift; sourceTree = "<group>"; };
		CE347AB7261E300A00D87EA9 /* ProjectsViewController.swift */ = {isa = PBXFileReference; lastKnownFileType = sourcecode.swift; path = ProjectsViewController.swift; sourceTree = "<group>"; };
		CE347ABA261E302200D87EA9 /* ProjectsPresenter.swift */ = {isa = PBXFileReference; lastKnownFileType = sourcecode.swift; path = ProjectsPresenter.swift; sourceTree = "<group>"; };
		CE347ABD261E303B00D87EA9 /* ProjectsInteractor.swift */ = {isa = PBXFileReference; lastKnownFileType = sourcecode.swift; path = ProjectsInteractor.swift; sourceTree = "<group>"; };
		CE347AC0261E304F00D87EA9 /* ProjectsRouter.swift */ = {isa = PBXFileReference; lastKnownFileType = sourcecode.swift; path = ProjectsRouter.swift; sourceTree = "<group>"; };
		CE347AC3261E306400D87EA9 /* ProjectsWireframe.swift */ = {isa = PBXFileReference; lastKnownFileType = sourcecode.swift; path = ProjectsWireframe.swift; sourceTree = "<group>"; };
		CE347AC7261E31AE00D87EA9 /* ContactsModuleInterface.swift */ = {isa = PBXFileReference; lastKnownFileType = sourcecode.swift; path = ContactsModuleInterface.swift; sourceTree = "<group>"; };
		CE347ACA261E31C300D87EA9 /* ContactsViewController.swift */ = {isa = PBXFileReference; lastKnownFileType = sourcecode.swift; path = ContactsViewController.swift; sourceTree = "<group>"; };
		CE347ACD261E31DF00D87EA9 /* ContactsPresenter.swift */ = {isa = PBXFileReference; lastKnownFileType = sourcecode.swift; path = ContactsPresenter.swift; sourceTree = "<group>"; };
		CE347AD0261E31FD00D87EA9 /* ContactsInteractor.swift */ = {isa = PBXFileReference; lastKnownFileType = sourcecode.swift; path = ContactsInteractor.swift; sourceTree = "<group>"; };
		CE347AD3261E320F00D87EA9 /* ContactsRouter.swift */ = {isa = PBXFileReference; lastKnownFileType = sourcecode.swift; path = ContactsRouter.swift; sourceTree = "<group>"; };
		CE347AD6261E322A00D87EA9 /* ContactsWireframe.swift */ = {isa = PBXFileReference; lastKnownFileType = sourcecode.swift; path = ContactsWireframe.swift; sourceTree = "<group>"; };
		E88B7A14A013238A49EA77EC /* Pods_TouchIt.framework */ = {isa = PBXFileReference; explicitFileType = wrapper.framework; includeInIndex = 0; path = Pods_TouchIt.framework; sourceTree = BUILT_PRODUCTS_DIR; };
/* End PBXFileReference section */

/* Begin PBXFrameworksBuildPhase section */
		3B6456CE261AFE450004B721 /* Frameworks */ = {
			isa = PBXFrameworksBuildPhase;
			buildActionMask = 2147483647;
			files = (
				749E0F14DDE753D043A4E468 /* Pods_TouchIt.framework in Frameworks */,
			);
			runOnlyForDeploymentPostprocessing = 0;
		};
/* End PBXFrameworksBuildPhase section */

/* Begin PBXGroup section */
		302EC458D785770FBEFC6C03 /* Frameworks */ = {
			isa = PBXGroup;
			children = (
				E88B7A14A013238A49EA77EC /* Pods_TouchIt.framework */,
			);
			name = Frameworks;
			sourceTree = "<group>";
		};
		3B4DD3AA261C88EE0022812F /* Services */ = {
			isa = PBXGroup;
			children = (
				3B4DD3A7261C72CC0022812F /* APIServis.swift */,
				3B4DD3AC261C89450022812F /* DIContainer.swift */,
			);
			path = Services;
			sourceTree = "<group>";
		};
		3B6456C8261AFE450004B721 = {
			isa = PBXGroup;
			children = (
				3B6456D3261AFE450004B721 /* TouchIt */,
				3B6456D2261AFE450004B721 /* Products */,
				822433070BC3D180090A4508 /* Pods */,
				302EC458D785770FBEFC6C03 /* Frameworks */,
			);
			sourceTree = "<group>";
		};
		3B6456D2261AFE450004B721 /* Products */ = {
			isa = PBXGroup;
			children = (
				3B6456D1261AFE450004B721 /* TouchIt.app */,
			);
			name = Products;
			sourceTree = "<group>";
		};
		3B6456D3261AFE450004B721 /* TouchIt */ = {
			isa = PBXGroup;
			children = (
				CE347AC6261E317600D87EA9 /* ContactsModule */,
				CE347AB3261E2FAE00D87EA9 /* ProjectsModule */,
				CE347AA0261E2CC000D87EA9 /* ServicesModule */,
				3B8DABA2261DD251001EB336 /* AboutModule */,
				3B6456EB261AFEDC0004B721 /* MainModule */,
				3B4DD3AA261C88EE0022812F /* Services */,
				3B6456D4261AFE450004B721 /* AppDelegate.swift */,
				3B6456DD261AFE460004B721 /* Assets.xcassets */,
				3B6456DF261AFE460004B721 /* LaunchScreen.storyboard */,
				3B61812D261C3FB000E79DE2 /* GoogleService-Info.plist */,
				3B6456E2261AFE460004B721 /* Info.plist */,
			);
			path = TouchIt;
			sourceTree = "<group>";
		};
		3B6456EB261AFEDC0004B721 /* MainModule */ = {
			isa = PBXGroup;
			children = (
				3B6456F8261B00CA0004B721 /* MainModuleInterfaces.swift */,
				3B6456EC261AFF4B0004B721 /* MainViewController.swift */,
				3B6456EF261B00240004B721 /* MainPresenter.swift */,
				3B6456F2261B005B0004B721 /* MainInteractor.swift */,
				3B6456F5261B008A0004B721 /* MainWireframe.swift */,
				3B6456FC261B06F70004B721 /* MainRouter.swift */,
				3B645700261B412F0004B721 /* ContentMainView.swift */,
				3B645703261B48020004B721 /* AboutCollectionCell.swift */,
			);
			path = MainModule;
			sourceTree = "<group>";
		};
		3B8DABA2261DD251001EB336 /* AboutModule */ = {
			isa = PBXGroup;
			children = (
				3B8DABAF261DD341001EB336 /* AboutModuleInterface.swift */,
				3B8DABA3261DD295001EB336 /* AboutViewController.swift */,
				3B8DABA6261DD2C2001EB336 /* AboutPresenter.swift */,
				3B8DABA9261DD2F6001EB336 /* AboutInteractor.swift */,
				3B8DABAC261DD31D001EB336 /* AboutRouter.swift */,
				3B8DABB2261DD36D001EB336 /* AboutWireframe.swift */,
			);
			path = AboutModule;
			sourceTree = "<group>";
		};
		822433070BC3D180090A4508 /* Pods */ = {
			isa = PBXGroup;
			children = (
				4ABC969DAF47DCF9F2FF4A53 /* Pods-TouchIt.debug.xcconfig */,
				239694A8277FA60FC7A220F8 /* Pods-TouchIt.release.xcconfig */,
			);
			path = Pods;
			sourceTree = "<group>";
		};
		CE347AA0261E2CC000D87EA9 /* ServicesModule */ = {
			isa = PBXGroup;
			children = (
				CE347AA1261E2CF500D87EA9 /* ServicesModuleInterface.swift */,
				CE347AA4261E2D0E00D87EA9 /* ServicesViewController.swift */,
				CE347AA7261E2D3A00D87EA9 /* ServicesPresenter.swift */,
				CE347AAA261E2D5800D87EA9 /* ServicesInteractor.swift */,
				CE347AAD261E2D6C00D87EA9 /* ServicesRouter.swift */,
				CE347AB0261E2D9E00D87EA9 /* ServicesWireframe.swift */,
			);
			path = ServicesModule;
			sourceTree = "<group>";
		};
		CE347AB3261E2FAE00D87EA9 /* ProjectsModule */ = {
			isa = PBXGroup;
			children = (
				CE347AB4261E2FF400D87EA9 /* ProjectsModuleInterface.swift */,
				CE347AB7261E300A00D87EA9 /* ProjectsViewController.swift */,
				CE347ABA261E302200D87EA9 /* ProjectsPresenter.swift */,
				CE347ABD261E303B00D87EA9 /* ProjectsInteractor.swift */,
				CE347AC0261E304F00D87EA9 /* ProjectsRouter.swift */,
				CE347AC3261E306400D87EA9 /* ProjectsWireframe.swift */,
			);
			path = ProjectsModule;
			sourceTree = "<group>";
		};
		CE347AC6261E317600D87EA9 /* ContactsModule */ = {
			isa = PBXGroup;
			children = (
				CE347AC7261E31AE00D87EA9 /* ContactsModuleInterface.swift */,
				CE347ACA261E31C300D87EA9 /* ContactsViewController.swift */,
				CE347ACD261E31DF00D87EA9 /* ContactsPresenter.swift */,
				CE347AD0261E31FD00D87EA9 /* ContactsInteractor.swift */,
				CE347AD3261E320F00D87EA9 /* ContactsRouter.swift */,
				CE347AD6261E322A00D87EA9 /* ContactsWireframe.swift */,
			);
			path = ContactsModule;
			sourceTree = "<group>";
		};
/* End PBXGroup section */

/* Begin PBXNativeTarget section */
		3B6456D0261AFE450004B721 /* TouchIt */ = {
			isa = PBXNativeTarget;
			buildConfigurationList = 3B6456E5261AFE460004B721 /* Build configuration list for PBXNativeTarget "TouchIt" */;
			buildPhases = (
				B827A5A08B5AB062F6E4C02A /* [CP] Check Pods Manifest.lock */,
				3B6456CD261AFE450004B721 /* Sources */,
				3B6456CE261AFE450004B721 /* Frameworks */,
				3B6456CF261AFE450004B721 /* Resources */,
				E9E45C639584FAEA85E60F6C /* [CP] Embed Pods Frameworks */,
			);
			buildRules = (
			);
			dependencies = (
			);
			name = TouchIt;
			productName = TouchIt;
			productReference = 3B6456D1261AFE450004B721 /* TouchIt.app */;
			productType = "com.apple.product-type.application";
		};
/* End PBXNativeTarget section */

/* Begin PBXProject section */
		3B6456C9261AFE450004B721 /* Project object */ = {
			isa = PBXProject;
			attributes = {
				LastSwiftUpdateCheck = 1240;
				LastUpgradeCheck = 1240;
				TargetAttributes = {
					3B6456D0261AFE450004B721 = {
						CreatedOnToolsVersion = 12.4;
					};
				};
			};
			buildConfigurationList = 3B6456CC261AFE450004B721 /* Build configuration list for PBXProject "TouchIt" */;
			compatibilityVersion = "Xcode 9.3";
			developmentRegion = en;
			hasScannedForEncodings = 0;
			knownRegions = (
				en,
				Base,
			);
			mainGroup = 3B6456C8261AFE450004B721;
			productRefGroup = 3B6456D2261AFE450004B721 /* Products */;
			projectDirPath = "";
			projectRoot = "";
			targets = (
				3B6456D0261AFE450004B721 /* TouchIt */,
			);
		};
/* End PBXProject section */

/* Begin PBXResourcesBuildPhase section */
		3B6456CF261AFE450004B721 /* Resources */ = {
			isa = PBXResourcesBuildPhase;
			buildActionMask = 2147483647;
			files = (
				3B6456E1261AFE460004B721 /* LaunchScreen.storyboard in Resources */,
				3B6456DE261AFE460004B721 /* Assets.xcassets in Resources */,
				3B61812E261C3FB000E79DE2 /* GoogleService-Info.plist in Resources */,
			);
			runOnlyForDeploymentPostprocessing = 0;
		};
/* End PBXResourcesBuildPhase section */

/* Begin PBXShellScriptBuildPhase section */
		B827A5A08B5AB062F6E4C02A /* [CP] Check Pods Manifest.lock */ = {
			isa = PBXShellScriptBuildPhase;
			buildActionMask = 2147483647;
			files = (
			);
			inputFileListPaths = (
			);
			inputPaths = (
				"${PODS_PODFILE_DIR_PATH}/Podfile.lock",
				"${PODS_ROOT}/Manifest.lock",
			);
			name = "[CP] Check Pods Manifest.lock";
			outputFileListPaths = (
			);
			outputPaths = (
				"$(DERIVED_FILE_DIR)/Pods-TouchIt-checkManifestLockResult.txt",
			);
			runOnlyForDeploymentPostprocessing = 0;
			shellPath = /bin/sh;
			shellScript = "diff \"${PODS_PODFILE_DIR_PATH}/Podfile.lock\" \"${PODS_ROOT}/Manifest.lock\" > /dev/null\nif [ $? != 0 ] ; then\n    # print error to STDERR\n    echo \"error: The sandbox is not in sync with the Podfile.lock. Run 'pod install' or update your CocoaPods installation.\" >&2\n    exit 1\nfi\n# This output is used by Xcode 'outputs' to avoid re-running this script phase.\necho \"SUCCESS\" > \"${SCRIPT_OUTPUT_FILE_0}\"\n";
			showEnvVarsInLog = 0;
		};
		E9E45C639584FAEA85E60F6C /* [CP] Embed Pods Frameworks */ = {
			isa = PBXShellScriptBuildPhase;
			buildActionMask = 2147483647;
			files = (
			);
			inputFileListPaths = (
				"${PODS_ROOT}/Target Support Files/Pods-TouchIt/Pods-TouchIt-frameworks-${CONFIGURATION}-input-files.xcfilelist",
			);
			name = "[CP] Embed Pods Frameworks";
			outputFileListPaths = (
				"${PODS_ROOT}/Target Support Files/Pods-TouchIt/Pods-TouchIt-frameworks-${CONFIGURATION}-output-files.xcfilelist",
			);
			runOnlyForDeploymentPostprocessing = 0;
			shellPath = /bin/sh;
			shellScript = "\"${PODS_ROOT}/Target Support Files/Pods-TouchIt/Pods-TouchIt-frameworks.sh\"\n";
			showEnvVarsInLog = 0;
		};
/* End PBXShellScriptBuildPhase section */

/* Begin PBXSourcesBuildPhase section */
		3B6456CD261AFE450004B721 /* Sources */ = {
			isa = PBXSourcesBuildPhase;
			buildActionMask = 2147483647;
			files = (
				3B4DD3A8261C72CC0022812F /* APIServis.swift in Sources */,
				3B8DABAD261DD31D001EB336 /* AboutRouter.swift in Sources */,
				CE347AAB261E2D5800D87EA9 /* ServicesInteractor.swift in Sources */,
				CE347AA5261E2D0E00D87EA9 /* ServicesViewController.swift in Sources */,
				3B4DD3AD261C89450022812F /* DIContainer.swift in Sources */,
				3B6456F6261B008B0004B721 /* MainWireframe.swift in Sources */,
				CE347AB8261E300A00D87EA9 /* ProjectsViewController.swift in Sources */,
				CE347AAE261E2D6C00D87EA9 /* ServicesRouter.swift in Sources */,
				3B6456FD261B06F70004B721 /* MainRouter.swift in Sources */,
				CE347ACE261E31DF00D87EA9 /* ContactsPresenter.swift in Sources */,
				CE347AC4261E306400D87EA9 /* ProjectsWireframe.swift in Sources */,
				3B6456D5261AFE450004B721 /* AppDelegate.swift in Sources */,
				3B645701261B412F0004B721 /* ContentMainView.swift in Sources */,
				CE347AD7261E322A00D87EA9 /* ContactsWireframe.swift in Sources */,
				CE347AA2261E2CF500D87EA9 /* ServicesModuleInterface.swift in Sources */,
				CE347AD1261E31FD00D87EA9 /* ContactsInteractor.swift in Sources */,
				3B8DABB0261DD341001EB336 /* AboutModuleInterface.swift in Sources */,
				3B8DABA4261DD295001EB336 /* AboutViewController.swift in Sources */,
				CE347AC1261E304F00D87EA9 /* ProjectsRouter.swift in Sources */,
				CE347AB1261E2D9E00D87EA9 /* ServicesWireframe.swift in Sources */,
				3B645704261B48020004B721 /* AboutCollectionCell.swift in Sources */,
				CE347AC8261E31AE00D87EA9 /* ContactsModuleInterface.swift in Sources */,
				3B8DABAA261DD2F6001EB336 /* AboutInteractor.swift in Sources */,
				3B6456F9261B00CA0004B721 /* MainModuleInterfaces.swift in Sources */,
				CE347ABE261E303B00D87EA9 /* ProjectsInteractor.swift in Sources */,
				CE347AB5261E2FF400D87EA9 /* ProjectsModuleInterface.swift in Sources */,
				3B6456F0261B00240004B721 /* MainPresenter.swift in Sources */,
				3B6456ED261AFF4B0004B721 /* MainViewController.swift in Sources */,
				3B6456F3261B005B0004B721 /* MainInteractor.swift in Sources */,
				CE347ABB261E302200D87EA9 /* ProjectsPresenter.swift in Sources */,
				CE347AD4261E320F00D87EA9 /* ContactsRouter.swift in Sources */,
				3B8DABA7261DD2C2001EB336 /* AboutPresenter.swift in Sources */,
				CE347AA8261E2D3A00D87EA9 /* ServicesPresenter.swift in Sources */,
				3B8DABB3261DD36D001EB336 /* AboutWireframe.swift in Sources */,
				CE347ACB261E31C300D87EA9 /* ContactsViewController.swift in Sources */,
			);
			runOnlyForDeploymentPostprocessing = 0;
		};
/* End PBXSourcesBuildPhase section */

/* Begin PBXVariantGroup section */
		3B6456DF261AFE460004B721 /* LaunchScreen.storyboard */ = {
			isa = PBXVariantGroup;
			children = (
				3B6456E0261AFE460004B721 /* Base */,
			);
			name = LaunchScreen.storyboard;
			sourceTree = "<group>";
		};
/* End PBXVariantGroup section */

/* Begin XCBuildConfiguration section */
		3B6456E3261AFE460004B721 /* Debug */ = {
			isa = XCBuildConfiguration;
			buildSettings = {
				ALWAYS_SEARCH_USER_PATHS = NO;
				CLANG_ANALYZER_NONNULL = YES;
				CLANG_ANALYZER_NUMBER_OBJECT_CONVERSION = YES_AGGRESSIVE;
				CLANG_CXX_LANGUAGE_STANDARD = "gnu++14";
				CLANG_CXX_LIBRARY = "libc++";
				CLANG_ENABLE_MODULES = YES;
				CLANG_ENABLE_OBJC_ARC = YES;
				CLANG_ENABLE_OBJC_WEAK = YES;
				CLANG_WARN_BLOCK_CAPTURE_AUTORELEASING = YES;
				CLANG_WARN_BOOL_CONVERSION = YES;
				CLANG_WARN_COMMA = YES;
				CLANG_WARN_CONSTANT_CONVERSION = YES;
				CLANG_WARN_DEPRECATED_OBJC_IMPLEMENTATIONS = YES;
				CLANG_WARN_DIRECT_OBJC_ISA_USAGE = YES_ERROR;
				CLANG_WARN_DOCUMENTATION_COMMENTS = YES;
				CLANG_WARN_EMPTY_BODY = YES;
				CLANG_WARN_ENUM_CONVERSION = YES;
				CLANG_WARN_INFINITE_RECURSION = YES;
				CLANG_WARN_INT_CONVERSION = YES;
				CLANG_WARN_NON_LITERAL_NULL_CONVERSION = YES;
				CLANG_WARN_OBJC_IMPLICIT_RETAIN_SELF = YES;
				CLANG_WARN_OBJC_LITERAL_CONVERSION = YES;
				CLANG_WARN_OBJC_ROOT_CLASS = YES_ERROR;
				CLANG_WARN_QUOTED_INCLUDE_IN_FRAMEWORK_HEADER = YES;
				CLANG_WARN_RANGE_LOOP_ANALYSIS = YES;
				CLANG_WARN_STRICT_PROTOTYPES = YES;
				CLANG_WARN_SUSPICIOUS_MOVE = YES;
				CLANG_WARN_UNGUARDED_AVAILABILITY = YES_AGGRESSIVE;
				CLANG_WARN_UNREACHABLE_CODE = YES;
				CLANG_WARN__DUPLICATE_METHOD_MATCH = YES;
				COPY_PHASE_STRIP = NO;
				DEBUG_INFORMATION_FORMAT = dwarf;
				ENABLE_STRICT_OBJC_MSGSEND = YES;
				ENABLE_TESTABILITY = YES;
				GCC_C_LANGUAGE_STANDARD = gnu11;
				GCC_DYNAMIC_NO_PIC = NO;
				GCC_NO_COMMON_BLOCKS = YES;
				GCC_OPTIMIZATION_LEVEL = 0;
				GCC_PREPROCESSOR_DEFINITIONS = (
					"DEBUG=1",
					"$(inherited)",
				);
				GCC_WARN_64_TO_32_BIT_CONVERSION = YES;
				GCC_WARN_ABOUT_RETURN_TYPE = YES_ERROR;
				GCC_WARN_UNDECLARED_SELECTOR = YES;
				GCC_WARN_UNINITIALIZED_AUTOS = YES_AGGRESSIVE;
				GCC_WARN_UNUSED_FUNCTION = YES;
				GCC_WARN_UNUSED_VARIABLE = YES;
				IPHONEOS_DEPLOYMENT_TARGET = 14.4;
				MTL_ENABLE_DEBUG_INFO = INCLUDE_SOURCE;
				MTL_FAST_MATH = YES;
				ONLY_ACTIVE_ARCH = YES;
				SDKROOT = iphoneos;
				SWIFT_ACTIVE_COMPILATION_CONDITIONS = DEBUG;
				SWIFT_OPTIMIZATION_LEVEL = "-Onone";
			};
			name = Debug;
		};
		3B6456E4261AFE460004B721 /* Release */ = {
			isa = XCBuildConfiguration;
			buildSettings = {
				ALWAYS_SEARCH_USER_PATHS = NO;
				CLANG_ANALYZER_NONNULL = YES;
				CLANG_ANALYZER_NUMBER_OBJECT_CONVERSION = YES_AGGRESSIVE;
				CLANG_CXX_LANGUAGE_STANDARD = "gnu++14";
				CLANG_CXX_LIBRARY = "libc++";
				CLANG_ENABLE_MODULES = YES;
				CLANG_ENABLE_OBJC_ARC = YES;
				CLANG_ENABLE_OBJC_WEAK = YES;
				CLANG_WARN_BLOCK_CAPTURE_AUTORELEASING = YES;
				CLANG_WARN_BOOL_CONVERSION = YES;
				CLANG_WARN_COMMA = YES;
				CLANG_WARN_CONSTANT_CONVERSION = YES;
				CLANG_WARN_DEPRECATED_OBJC_IMPLEMENTATIONS = YES;
				CLANG_WARN_DIRECT_OBJC_ISA_USAGE = YES_ERROR;
				CLANG_WARN_DOCUMENTATION_COMMENTS = YES;
				CLANG_WARN_EMPTY_BODY = YES;
				CLANG_WARN_ENUM_CONVERSION = YES;
				CLANG_WARN_INFINITE_RECURSION = YES;
				CLANG_WARN_INT_CONVERSION = YES;
				CLANG_WARN_NON_LITERAL_NULL_CONVERSION = YES;
				CLANG_WARN_OBJC_IMPLICIT_RETAIN_SELF = YES;
				CLANG_WARN_OBJC_LITERAL_CONVERSION = YES;
				CLANG_WARN_OBJC_ROOT_CLASS = YES_ERROR;
				CLANG_WARN_QUOTED_INCLUDE_IN_FRAMEWORK_HEADER = YES;
				CLANG_WARN_RANGE_LOOP_ANALYSIS = YES;
				CLANG_WARN_STRICT_PROTOTYPES = YES;
				CLANG_WARN_SUSPICIOUS_MOVE = YES;
				CLANG_WARN_UNGUARDED_AVAILABILITY = YES_AGGRESSIVE;
				CLANG_WARN_UNREACHABLE_CODE = YES;
				CLANG_WARN__DUPLICATE_METHOD_MATCH = YES;
				COPY_PHASE_STRIP = NO;
				DEBUG_INFORMATION_FORMAT = "dwarf-with-dsym";
				ENABLE_NS_ASSERTIONS = NO;
				ENABLE_STRICT_OBJC_MSGSEND = YES;
				GCC_C_LANGUAGE_STANDARD = gnu11;
				GCC_NO_COMMON_BLOCKS = YES;
				GCC_WARN_64_TO_32_BIT_CONVERSION = YES;
				GCC_WARN_ABOUT_RETURN_TYPE = YES_ERROR;
				GCC_WARN_UNDECLARED_SELECTOR = YES;
				GCC_WARN_UNINITIALIZED_AUTOS = YES_AGGRESSIVE;
				GCC_WARN_UNUSED_FUNCTION = YES;
				GCC_WARN_UNUSED_VARIABLE = YES;
				IPHONEOS_DEPLOYMENT_TARGET = 14.4;
				MTL_ENABLE_DEBUG_INFO = NO;
				MTL_FAST_MATH = YES;
				SDKROOT = iphoneos;
				SWIFT_COMPILATION_MODE = wholemodule;
				SWIFT_OPTIMIZATION_LEVEL = "-O";
				VALIDATE_PRODUCT = YES;
			};
			name = Release;
		};
		3B6456E6261AFE460004B721 /* Debug */ = {
			isa = XCBuildConfiguration;
			baseConfigurationReference = 4ABC969DAF47DCF9F2FF4A53 /* Pods-TouchIt.debug.xcconfig */;
			buildSettings = {
				ASSETCATALOG_COMPILER_APPICON_NAME = AppIcon;
				ASSETCATALOG_COMPILER_GLOBAL_ACCENT_COLOR_NAME = AccentColor;
				CODE_SIGN_STYLE = Automatic;
				INFOPLIST_FILE = TouchIt/Info.plist;
				LD_RUNPATH_SEARCH_PATHS = (
					"$(inherited)",
					"@executable_path/Frameworks",
				);
				PRODUCT_BUNDLE_IDENTIFIER = com.natife.TouchIt;
				PRODUCT_NAME = "$(TARGET_NAME)";
				SWIFT_VERSION = 5.0;
				TARGETED_DEVICE_FAMILY = "1,2";
			};
			name = Debug;
		};
		3B6456E7261AFE460004B721 /* Release */ = {
			isa = XCBuildConfiguration;
			baseConfigurationReference = 239694A8277FA60FC7A220F8 /* Pods-TouchIt.release.xcconfig */;
			buildSettings = {
				ASSETCATALOG_COMPILER_APPICON_NAME = AppIcon;
				ASSETCATALOG_COMPILER_GLOBAL_ACCENT_COLOR_NAME = AccentColor;
				CODE_SIGN_STYLE = Automatic;
				INFOPLIST_FILE = TouchIt/Info.plist;
				LD_RUNPATH_SEARCH_PATHS = (
					"$(inherited)",
					"@executable_path/Frameworks",
				);
				PRODUCT_BUNDLE_IDENTIFIER = com.natife.TouchIt;
				PRODUCT_NAME = "$(TARGET_NAME)";
				SWIFT_VERSION = 5.0;
				TARGETED_DEVICE_FAMILY = "1,2";
			};
			name = Release;
		};
/* End XCBuildConfiguration section */

/* Begin XCConfigurationList section */
		3B6456CC261AFE450004B721 /* Build configuration list for PBXProject "TouchIt" */ = {
			isa = XCConfigurationList;
			buildConfigurations = (
				3B6456E3261AFE460004B721 /* Debug */,
				3B6456E4261AFE460004B721 /* Release */,
			);
			defaultConfigurationIsVisible = 0;
			defaultConfigurationName = Release;
		};
		3B6456E5261AFE460004B721 /* Build configuration list for PBXNativeTarget "TouchIt" */ = {
			isa = XCConfigurationList;
			buildConfigurations = (
				3B6456E6261AFE460004B721 /* Debug */,
				3B6456E7261AFE460004B721 /* Release */,
			);
			defaultConfigurationIsVisible = 0;
			defaultConfigurationName = Release;
		};
/* End XCConfigurationList section */
	};
	rootObject = 3B6456C9261AFE450004B721 /* Project object */;
}
